
Microsoft Visual Studio Solution File, Format Version 12.00
# Visual Studio Version 16
VisualStudioVersion = 16.0.29609.76
MinimumVisualStudioVersion = 10.0.40219.1
Project("{9A19103F-16F7-4668-BE54-9A1E7A4F7556}") = "DomaineModel", "DomaineModel\DomaineModel.csproj", "{47E6ADB9-2D47-4763-BA53-FFF80CF2686B}"
EndProject
Project("{9A19103F-16F7-4668-BE54-9A1E7A4F7556}") = "Dal", "Dal\Dal.csproj", "{49EB45B8-8EE0-40BB-814D-1DB683E8E041}"
EndProject
Project("{9A19103F-16F7-4668-BE54-9A1E7A4F7556}") = "ConsoleBlueHot", "ConsoleBlueHot\ConsoleBlueHot.csproj", "{8B34F04C-FD24-4183-BD47-4BE238EEA07F}"
EndProject
Project("{9A19103F-16F7-4668-BE54-9A1E7A4F7556}") = "BackApi", "BackApi\BackApi.csproj", "{842E8B48-8BBF-446F-91FD-82D6CAC424BE}"
EndProject
Project("{2150E333-8FDC-42A3-9474-1A3956D46DE8}") = "Data", "Data", "{CD233B4E-B9A8-4573-9206-BF56060EAEDD}"
EndProject
Project("{2150E333-8FDC-42A3-9474-1A3956D46DE8}") = "Web", "Web", "{C62CED97-CEC7-4696-90AB-6DE4B4E857AF}"
EndProject
Project("{2150E333-8FDC-42A3-9474-1A3956D46DE8}") = "HeavyClient", "HeavyClient", "{17AF1E57-E8EC-4553-86B3-408589A357A8}"
EndProject
Project("{E24C65DC-7377-472B-9ABA-BC803B73C61A}") = "FrontWeb", "FrontWeb\", "{22B5DF12-6CF9-4771-96B6-FACB4E80D6C6}"
	ProjectSection(WebsiteProperties) = preProject
		TargetFrameworkMoniker = ".NETFramework,Version%3Dv4.0"
		Debug.AspNetCompiler.VirtualPath = "/localhost_53887"
		Debug.AspNetCompiler.PhysicalPath = "FrontWeb\"
		Debug.AspNetCompiler.TargetPath = "PrecompiledWeb\localhost_53887\"
		Debug.AspNetCompiler.Updateable = "true"
		Debug.AspNetCompiler.ForceOverwrite = "true"
		Debug.AspNetCompiler.FixedNames = "false"
		Debug.AspNetCompiler.Debug = "True"
		Release.AspNetCompiler.VirtualPath = "/localhost_53887"
		Release.AspNetCompiler.PhysicalPath = "FrontWeb\"
		Release.AspNetCompiler.TargetPath = "PrecompiledWeb\localhost_53887\"
		Release.AspNetCompiler.Updateable = "true"
		Release.AspNetCompiler.ForceOverwrite = "true"
		Release.AspNetCompiler.FixedNames = "false"
		Release.AspNetCompiler.Debug = "False"
		VWDPort = "53887"
		SlnRelativePath = "FrontWeb\"
	EndProjectSection
EndProject
Global
	GlobalSection(SolutionConfigurationPlatforms) = preSolution
		Debug|Any CPU = Debug|Any CPU
		Release|Any CPU = Release|Any CPU
	EndGlobalSection
	GlobalSection(ProjectConfigurationPlatforms) = postSolution
		{47E6ADB9-2D47-4763-BA53-FFF80CF2686B}.Debug|Any CPU.ActiveCfg = Debug|Any CPU
		{47E6ADB9-2D47-4763-BA53-FFF80CF2686B}.Debug|Any CPU.Build.0 = Debug|Any CPU
		{47E6ADB9-2D47-4763-BA53-FFF80CF2686B}.Release|Any CPU.ActiveCfg = Release|Any CPU
		{47E6ADB9-2D47-4763-BA53-FFF80CF2686B}.Release|Any CPU.Build.0 = Release|Any CPU
		{49EB45B8-8EE0-40BB-814D-1DB683E8E041}.Debug|Any CPU.ActiveCfg = Debug|Any CPU
		{49EB45B8-8EE0-40BB-814D-1DB683E8E041}.Debug|Any CPU.Build.0 = Debug|Any CPU
		{49EB45B8-8EE0-40BB-814D-1DB683E8E041}.Release|Any CPU.ActiveCfg = Release|Any CPU
		{49EB45B8-8EE0-40BB-814D-1DB683E8E041}.Release|Any CPU.Build.0 = Release|Any CPU
		{8B34F04C-FD24-4183-BD47-4BE238EEA07F}.Debug|Any CPU.ActiveCfg = Debug|Any CPU
		{8B34F04C-FD24-4183-BD47-4BE238EEA07F}.Debug|Any CPU.Build.0 = Debug|Any CPU
		{8B34F04C-FD24-4183-BD47-4BE238EEA07F}.Release|Any CPU.ActiveCfg = Release|Any CPU
		{8B34F04C-FD24-4183-BD47-4BE238EEA07F}.Release|Any CPU.Build.0 = Release|Any CPU
		{842E8B48-8BBF-446F-91FD-82D6CAC424BE}.Debug|Any CPU.ActiveCfg = Debug|Any CPU
		{842E8B48-8BBF-446F-91FD-82D6CAC424BE}.Debug|Any CPU.Build.0 = Debug|Any CPU
		{842E8B48-8BBF-446F-91FD-82D6CAC424BE}.Release|Any CPU.ActiveCfg = Release|Any CPU
		{842E8B48-8BBF-446F-91FD-82D6CAC424BE}.Release|Any CPU.Build.0 = Release|Any CPU
		{22B5DF12-6CF9-4771-96B6-FACB4E80D6C6}.Debug|Any CPU.ActiveCfg = Debug|Any CPU
		{22B5DF12-6CF9-4771-96B6-FACB4E80D6C6}.Debug|Any CPU.Build.0 = Debug|Any CPU
		{22B5DF12-6CF9-4771-96B6-FACB4E80D6C6}.Release|Any CPU.ActiveCfg = Debug|Any CPU
		{22B5DF12-6CF9-4771-96B6-FACB4E80D6C6}.Release|Any CPU.Build.0 = Debug|Any CPU
	EndGlobalSection
	GlobalSection(SolutionProperties) = preSolution
		HideSolutionNode = FALSE
	EndGlobalSection
	GlobalSection(NestedProjects) = preSolution
		{47E6ADB9-2D47-4763-BA53-FFF80CF2686B} = {CD233B4E-B9A8-4573-9206-BF56060EAEDD}
		{49EB45B8-8EE0-40BB-814D-1DB683E8E041} = {CD233B4E-B9A8-4573-9206-BF56060EAEDD}
		{8B34F04C-FD24-4183-BD47-4BE238EEA07F} = {17AF1E57-E8EC-4553-86B3-408589A357A8}
		{842E8B48-8BBF-446F-91FD-82D6CAC424BE} = {C62CED97-CEC7-4696-90AB-6DE4B4E857AF}
		{22B5DF12-6CF9-4771-96B6-FACB4E80D6C6} = {C62CED97-CEC7-4696-90AB-6DE4B4E857AF}
	EndGlobalSection
	GlobalSection(ExtensibilityGlobals) = postSolution
		SolutionGuid = {4C236334-985F-4F63-A502-69F1742B7327}
	EndGlobalSection
EndGlobal
